
Microsoft Visual Studio Solution File, Format Version 12.00
# Visual Studio Version 16
VisualStudioVersion = 16.0.30804.86
MinimumVisualStudioVersion = 10.0.40219.1
Project("{FAE04EC0-301F-11D3-BF4B-00C04F79EFBC}") = "gRPCClientExample", "gRPCClientExample\gRPCClientExample.csproj", "{91A80334-8204-417B-AD44-EDA99060E0CD}"
EndProject
Global
	GlobalSection(SolutionConfigurationPlatforms) = preSolution
		Debug|Any CPU = Debug|Any CPU
		Release|Any CPU = Release|Any CPU
	EndGlobalSection
	GlobalSection(ProjectConfigurationPlatforms) = postSolution
		{91A80334-8204-417B-AD44-EDA99060E0CD}.Debug|Any CPU.ActiveCfg = Debug|Any CPU
		{91A80334-8204-417B-AD44-EDA99060E0CD}.Debug|Any CPU.Build.0 = Debug|Any CPU
		{91A80334-8204-417B-AD44-EDA99060E0CD}.Release|Any CPU.ActiveCfg = Release|Any CPU
		{91A80334-8204-417B-AD44-EDA99060E0CD}.Release|Any CPU.Build.0 = Release|Any CPU
	EndGlobalSection
	GlobalSection(SolutionProperties) = preSolution
		HideSolutionNode = FALSE
	EndGlobalSection
	GlobalSection(ExtensibilityGlobals) = postSolution
		SolutionGuid = {A26565C7-1CB1-42C1-989E-8769024CFFEE}
	EndGlobalSection
EndGlobal
